---
lockfileVersion: '9.0'

importers:

  .:
    configDependencies: {}
    packageManagerDependencies:
      '@pnpm/exe':
        specifier: 9.15.0
        version: 9.15.0
      pnpm:
        specifier: 9.15.0
        version: 9.15.0

packages:

  '@pnpm/exe@9.15.0':
    resolution: {integrity: sha512-+9Wv1sVvpniu3RXvhjR9YtGItsDnIxAlE+wkYSpJYw53vA1zz+QdSxAlo42NOwH5LNV1TdJg9i/ryUqPLETSCQ==}
    hasBin: true

  '@pnpm/linux-arm64@9.15.0':
    resolution: {integrity: sha512-SrzIu2i4eI6wXgDuzlGxS/O7vwFb10iJzuc/lHmYB+bMzr2y8Otz7HLCixXTwGfAd2hIEn4cfTRSx45K+onE8Q==}
    cpu: [arm64]
    os: [linux]
    hasBin: true

  '@pnpm/linux-x64@9.15.0':
    resolution: {integrity: sha512-ib3LX7YzBIjZMnwIXFP9a9+SKM4agnvRH2ZPavJaoDH/Xn5YiwbjbDcbkeWo1Mh5zHIpkwX7ULspjNHB+SZhSA==}
    cpu: [x64]
    os: [linux]
    hasBin: true

  '@pnpm/macos-arm64@9.15.0':
    resolution: {integrity: sha512-SjqFVHLa2yRW8BAPWzOtLlWsu/SllVuQ74+JMQd691r54fKqUwsRn6+8lCXHpX10/89VuQ9dhwlrg+gVL9QUuQ==}
    cpu: [arm64]
    os: [darwin]
    hasBin: true

  '@pnpm/macos-x64@9.15.0':
    resolution: {integrity: sha512-x6ABb+CZ4Kr8RswpjCxsu26w8W9eqLR5ZDXxRNGhLL3h5e0jIYbQbqZ6shpRa/tqsP+O0vOjoPdZ3DimDH8ZIA==}
    cpu: [x64]
    os: [darwin]
    hasBin: true

  '@pnpm/win-arm64@9.15.0':
    resolution: {integrity: sha512-wzpBFlP6AkRMsZCO1nHMwwN2J0TkebRL0ignZ4jCPpXJImansfT54SY7ZHrAFrE5pC69IyPXvn32rrXAih3j6A==}
    cpu: [arm64]
    os: [win32]
    hasBin: true

  '@pnpm/win-x64@9.15.0':
    resolution: {integrity: sha512-5qOtRxcf65I++7QY/q8AcYBOCwpj1NapT884ryBvYZiuFd83fxJrosMzYAYsKFaQj191rTfWRf9WyOpFklborA==}
    cpu: [x64]
    os: [win32]
    hasBin: true

  pnpm@9.15.0:
    resolution: {integrity: sha512-duI3l2CkMo7EQVgVvNZije5yevN3mqpMkU45RBVsQpmSGon5djge4QfUHxLPpLZmgcqccY8GaPoIMe1MbYulbA==}
    engines: {node: '>=18.12'}
    hasBin: true

snapshots:

  '@pnpm/exe@9.15.0':
    optionalDependencies:
      '@pnpm/linux-arm64': 9.15.0
      '@pnpm/linux-x64': 9.15.0
      '@pnpm/macos-arm64': 9.15.0
      '@pnpm/macos-x64': 9.15.0
      '@pnpm/win-arm64': 9.15.0
      '@pnpm/win-x64': 9.15.0

  '@pnpm/linux-arm64@9.15.0':
    optional: true

  '@pnpm/linux-x64@9.15.0':
    optional: true

  '@pnpm/macos-arm64@9.15.0':
    optional: true

  '@pnpm/macos-x64@9.15.0':
    optional: true

  '@pnpm/win-arm64@9.15.0':
    optional: true

  '@pnpm/win-x64@9.15.0':
    optional: true

  pnpm@9.15.0: {}

---
